// !$*UTF8*$!
{
	archiveVersion = 1;
	classes = {
	};
	objectVersion = 50;
	objects = {

/* Begin PBXBuildFile section */
		B304F98C22B04C3D0057FC4D /* UIViewController+Helpers.swift in Sources */ = {isa = PBXBuildFile; fileRef = B304F98B22B04C3D0057FC4D /* UIViewController+Helpers.swift */; };
		B304F98D22B04C3D0057FC4D /* UIViewController+Helpers.swift in Sources */ = {isa = PBXBuildFile; fileRef = B304F98B22B04C3D0057FC4D /* UIViewController+Helpers.swift */; };
		B30E5CAD22A5A55900A09DBC /* AppDelegate.swift in Sources */ = {isa = PBXBuildFile; fileRef = B30E5CAC22A5A55900A09DBC /* AppDelegate.swift */; };
		B30E5CAF22A5A55900A09DBC /* HomeViewController.swift in Sources */ = {isa = PBXBuildFile; fileRef = B30E5CAE22A5A55900A09DBC /* HomeViewController.swift */; };
		B30E5CB222A5A55900A09DBC /* Main.storyboard in Resources */ = {isa = PBXBuildFile; fileRef = B30E5CB022A5A55900A09DBC /* Main.storyboard */; };
		B30E5CB422A5A55D00A09DBC /* Assets.xcassets in Resources */ = {isa = PBXBuildFile; fileRef = B30E5CB322A5A55D00A09DBC /* Assets.xcassets */; };
		B30E5CB722A5A55D00A09DBC /* LaunchScreen.storyboard in Resources */ = {isa = PBXBuildFile; fileRef = B30E5CB522A5A55D00A09DBC /* LaunchScreen.storyboard */; };
		B30E5CC222A5A55D00A09DBC /* PagesTest.swift in Sources */ = {isa = PBXBuildFile; fileRef = B30E5CC122A5A55D00A09DBC /* PagesTest.swift */; };
		B30E5CDF22A5A89A00A09DBC /* Movie.swift in Sources */ = {isa = PBXBuildFile; fileRef = B30E5CDE22A5A89A00A09DBC /* Movie.swift */; };
		B30E5CE322A5A8D200A09DBC /* Item.swift in Sources */ = {isa = PBXBuildFile; fileRef = B30E5CE222A5A8D200A09DBC /* Item.swift */; };
		B30E5CE722A5A8DD00A09DBC /* TvShow.swift in Sources */ = {isa = PBXBuildFile; fileRef = B30E5CE622A5A8DD00A09DBC /* TvShow.swift */; };
		B30E5CEB22A5A9FC00A09DBC /* DataProvider.swift in Sources */ = {isa = PBXBuildFile; fileRef = B30E5CEA22A5A9FC00A09DBC /* DataProvider.swift */; };
		B30E5CEC22A5A9FC00A09DBC /* DataProvider.swift in Sources */ = {isa = PBXBuildFile; fileRef = B30E5CEA22A5A9FC00A09DBC /* DataProvider.swift */; };
		B30E5CEF22A5AB3A00A09DBC /* Page.swift in Sources */ = {isa = PBXBuildFile; fileRef = B30E5CEE22A5AB3A00A09DBC /* Page.swift */; };
		B30E5CF522A8399F00A09DBC /* SearchViewController.swift in Sources */ = {isa = PBXBuildFile; fileRef = B30E5CF422A8399F00A09DBC /* SearchViewController.swift */; };
		B30E5D0122A83C4200A09DBC /* SectionsSelectorView.swift in Sources */ = {isa = PBXBuildFile; fileRef = B30E5D0022A83C4200A09DBC /* SectionsSelectorView.swift */; };
		B30E5D0222A83C4200A09DBC /* SectionsSelectorView.swift in Sources */ = {isa = PBXBuildFile; fileRef = B30E5D0022A83C4200A09DBC /* SectionsSelectorView.swift */; };
		B30E5D0522A83C5700A09DBC /* SectionsSelectorView.xib in Resources */ = {isa = PBXBuildFile; fileRef = B30E5D0422A83C5700A09DBC /* SectionsSelectorView.xib */; };
		B30E5D0622A83C5700A09DBC /* SectionsSelectorView.xib in Resources */ = {isa = PBXBuildFile; fileRef = B30E5D0422A83C5700A09DBC /* SectionsSelectorView.xib */; };
		B30E5D0C22A84D1000A09DBC /* CategoryType.swift in Sources */ = {isa = PBXBuildFile; fileRef = B30E5D0822A84AF900A09DBC /* CategoryType.swift */; };
		B30E5D0D22A84D1100A09DBC /* CategoryType.swift in Sources */ = {isa = PBXBuildFile; fileRef = B30E5D0822A84AF900A09DBC /* CategoryType.swift */; };
		B30E5D1022A858EA00A09DBC /* ItemCollectionViewCell.swift in Sources */ = {isa = PBXBuildFile; fileRef = B30E5D0F22A858EA00A09DBC /* ItemCollectionViewCell.swift */; };
		B30E5D1122A858EA00A09DBC /* ItemCollectionViewCell.swift in Sources */ = {isa = PBXBuildFile; fileRef = B30E5D0F22A858EA00A09DBC /* ItemCollectionViewCell.swift */; };
		B30E5D1322A85AFB00A09DBC /* Item.swift in Sources */ = {isa = PBXBuildFile; fileRef = B30E5CE222A5A8D200A09DBC /* Item.swift */; };
		B30E5D1522A85AFD00A09DBC /* Page.swift in Sources */ = {isa = PBXBuildFile; fileRef = B30E5CEE22A5AB3A00A09DBC /* Page.swift */; };
		B30E5D1722A85AFF00A09DBC /* Movie.swift in Sources */ = {isa = PBXBuildFile; fileRef = B30E5CDE22A5A89A00A09DBC /* Movie.swift */; };
		B3BDC3CB22A8658500E0DF05 /* TvShow.swift in Sources */ = {isa = PBXBuildFile; fileRef = B30E5CE622A5A8DD00A09DBC /* TvShow.swift */; };
		B3BDC3CE22A8675E00E0DF05 /* Configuration.swift in Sources */ = {isa = PBXBuildFile; fileRef = B3BDC3CD22A8675E00E0DF05 /* Configuration.swift */; };
		B3BDC3CF22A8675E00E0DF05 /* Configuration.swift in Sources */ = {isa = PBXBuildFile; fileRef = B3BDC3CD22A8675E00E0DF05 /* Configuration.swift */; };
		B3BDC3D222A9619E00E0DF05 /* DetailViewController.swift in Sources */ = {isa = PBXBuildFile; fileRef = B3BDC3D122A9619E00E0DF05 /* DetailViewController.swift */; };
		B3BDC3D322A9619E00E0DF05 /* DetailViewController.swift in Sources */ = {isa = PBXBuildFile; fileRef = B3BDC3D122A9619E00E0DF05 /* DetailViewController.swift */; };
		B3BDC3DB22AAA24900E0DF05 /* JSONStore.swift in Sources */ = {isa = PBXBuildFile; fileRef = B3BDC3DA22AAA24900E0DF05 /* JSONStore.swift */; };
		B3BDC3DC22AAA24900E0DF05 /* JSONStore.swift in Sources */ = {isa = PBXBuildFile; fileRef = B3BDC3DA22AAA24900E0DF05 /* JSONStore.swift */; };
		B3BDC3DF22AAABA400E0DF05 /* MoviesPage.swift in Sources */ = {isa = PBXBuildFile; fileRef = B3BDC3DE22AAABA400E0DF05 /* MoviesPage.swift */; };
		B3BDC3E022AAABA400E0DF05 /* MoviesPage.swift in Sources */ = {isa = PBXBuildFile; fileRef = B3BDC3DE22AAABA400E0DF05 /* MoviesPage.swift */; };
		B3BDC3E322AAABBF00E0DF05 /* TvShowsPage.swift in Sources */ = {isa = PBXBuildFile; fileRef = B3BDC3E222AAABBF00E0DF05 /* TvShowsPage.swift */; };
		B3BDC3E422AAABBF00E0DF05 /* TvShowsPage.swift in Sources */ = {isa = PBXBuildFile; fileRef = B3BDC3E222AAABBF00E0DF05 /* TvShowsPage.swift */; };
		B3BDC3E722AAB33700E0DF05 /* StorageType.swift in Sources */ = {isa = PBXBuildFile; fileRef = B3BDC3E622AAB33700E0DF05 /* StorageType.swift */; };
		B3BDC3E822AAB33700E0DF05 /* StorageType.swift in Sources */ = {isa = PBXBuildFile; fileRef = B3BDC3E622AAB33700E0DF05 /* StorageType.swift */; };
		B3BDC3EB22AAB40200E0DF05 /* StorageManager.swift in Sources */ = {isa = PBXBuildFile; fileRef = B3BDC3EA22AAB40200E0DF05 /* StorageManager.swift */; };
		B3BDC3EC22AAB40200E0DF05 /* StorageManager.swift in Sources */ = {isa = PBXBuildFile; fileRef = B3BDC3EA22AAB40200E0DF05 /* StorageManager.swift */; };
		B3BDC3EF22AABD2A00E0DF05 /* ImageCacheHandler.swift in Sources */ = {isa = PBXBuildFile; fileRef = B3BDC3EE22AABD2A00E0DF05 /* ImageCacheHandler.swift */; };
		B3BDC3F322ABF54E00E0DF05 /* DataTaskFactory.swift in Sources */ = {isa = PBXBuildFile; fileRef = B3BDC3F222ABF54E00E0DF05 /* DataTaskFactory.swift */; };
		B3BDC3F422ABF54E00E0DF05 /* DataTaskFactory.swift in Sources */ = {isa = PBXBuildFile; fileRef = B3BDC3F222ABF54E00E0DF05 /* DataTaskFactory.swift */; };
		B3BDC3F722ABF55A00E0DF05 /* URLBuilder.swift in Sources */ = {isa = PBXBuildFile; fileRef = B3BDC3F622ABF55A00E0DF05 /* URLBuilder.swift */; };
		B3BDC3F822ABF55A00E0DF05 /* URLBuilder.swift in Sources */ = {isa = PBXBuildFile; fileRef = B3BDC3F622ABF55A00E0DF05 /* URLBuilder.swift */; };
		B3BDC3FB22AE9CD200E0DF05 /* ItemType.swift in Sources */ = {isa = PBXBuildFile; fileRef = B3BDC3FA22AE9CD200E0DF05 /* ItemType.swift */; };
		B3BDC3FC22AE9CD200E0DF05 /* ItemType.swift in Sources */ = {isa = PBXBuildFile; fileRef = B3BDC3FA22AE9CD200E0DF05 /* ItemType.swift */; };
		B3BDC3FF22AEAB7B00E0DF05 /* UIAlertController+Helpers.swift in Sources */ = {isa = PBXBuildFile; fileRef = B3BDC3FE22AEAB7B00E0DF05 /* UIAlertController+Helpers.swift */; };
		B3BDC40022AEAB7B00E0DF05 /* UIAlertController+Helpers.swift in Sources */ = {isa = PBXBuildFile; fileRef = B3BDC3FE22AEAB7B00E0DF05 /* UIAlertController+Helpers.swift */; };
		B3BDC40722AEE03700E0DF05 /* ImageCacheHandler.swift in Sources */ = {isa = PBXBuildFile; fileRef = B3BDC3EE22AABD2A00E0DF05 /* ImageCacheHandler.swift */; };
		B3BDC41222AEE78F00E0DF05 /* tvShowsPopular.json in Resources */ = {isa = PBXBuildFile; fileRef = B3BDC41022AEE78F00E0DF05 /* tvShowsPopular.json */; };
		B3BDC41322AEE78F00E0DF05 /* moviesPopular.json in Resources */ = {isa = PBXBuildFile; fileRef = B3BDC41122AEE78F00E0DF05 /* moviesPopular.json */; };
		B3BDC41722AEEF0300E0DF05 /* JSONStoreTest.swift in Sources */ = {isa = PBXBuildFile; fileRef = B3BDC41622AEEF0300E0DF05 /* JSONStoreTest.swift */; };
		B3BDC41922AFEA3500E0DF05 /* ItemsFilterTest.swift in Sources */ = {isa = PBXBuildFile; fileRef = B3BDC41822AFEA3500E0DF05 /* ItemsFilterTest.swift */; };
		B3BDC41B22AFEB1B00E0DF05 /* ItemsFilter.swift in Sources */ = {isa = PBXBuildFile; fileRef = B3BDC41A22AFEB1B00E0DF05 /* ItemsFilter.swift */; };
		B3BDC41C22AFEB1B00E0DF05 /* ItemsFilter.swift in Sources */ = {isa = PBXBuildFile; fileRef = B3BDC41A22AFEB1B00E0DF05 /* ItemsFilter.swift */; };
/* End PBXBuildFile section */

/* Begin PBXContainerItemProxy section */
		B30E5CBE22A5A55D00A09DBC /* PBXContainerItemProxy */ = {
			isa = PBXContainerItemProxy;
			containerPortal = B30E5CA122A5A55900A09DBC /* Project object */;
			proxyType = 1;
			remoteGlobalIDString = B30E5CA822A5A55900A09DBC;
			remoteInfo = MovieGallery;
		};
/* End PBXContainerItemProxy section */

/* Begin PBXFileReference section */
		B304F98B22B04C3D0057FC4D /* UIViewController+Helpers.swift */ = {isa = PBXFileReference; lastKnownFileType = sourcecode.swift; path = "UIViewController+Helpers.swift"; sourceTree = "<group>"; };
		B30E5CA922A5A55900A09DBC /* MovieGallery.app */ = {isa = PBXFileReference; explicitFileType = wrapper.application; includeInIndex = 0; path = MovieGallery.app; sourceTree = BUILT_PRODUCTS_DIR; };
		B30E5CAC22A5A55900A09DBC /* AppDelegate.swift */ = {isa = PBXFileReference; lastKnownFileType = sourcecode.swift; path = AppDelegate.swift; sourceTree = "<group>"; };
		B30E5CAE22A5A55900A09DBC /* HomeViewController.swift */ = {isa = PBXFileReference; lastKnownFileType = sourcecode.swift; path = HomeViewController.swift; sourceTree = "<group>"; };
		B30E5CB122A5A55900A09DBC /* Base */ = {isa = PBXFileReference; lastKnownFileType = file.storyboard; name = Base; path = Base.lproj/Main.storyboard; sourceTree = "<group>"; };
		B30E5CB322A5A55D00A09DBC /* Assets.xcassets */ = {isa = PBXFileReference; lastKnownFileType = folder.assetcatalog; path = Assets.xcassets; sourceTree = "<group>"; };
		B30E5CB622A5A55D00A09DBC /* Base */ = {isa = PBXFileReference; lastKnownFileType = file.storyboard; name = Base; path = Base.lproj/LaunchScreen.storyboard; sourceTree = "<group>"; };
		B30E5CB822A5A55D00A09DBC /* Info.plist */ = {isa = PBXFileReference; lastKnownFileType = text.plist.xml; path = Info.plist; sourceTree = "<group>"; };
		B30E5CBD22A5A55D00A09DBC /* MovieGalleryTests.xctest */ = {isa = PBXFileReference; explicitFileType = wrapper.cfbundle; includeInIndex = 0; path = MovieGalleryTests.xctest; sourceTree = BUILT_PRODUCTS_DIR; };
		B30E5CC122A5A55D00A09DBC /* PagesTest.swift */ = {isa = PBXFileReference; lastKnownFileType = sourcecode.swift; path = PagesTest.swift; sourceTree = "<group>"; };
		B30E5CC322A5A55D00A09DBC /* Info.plist */ = {isa = PBXFileReference; lastKnownFileType = text.plist.xml; path = Info.plist; sourceTree = "<group>"; };
		B30E5CDE22A5A89A00A09DBC /* Movie.swift */ = {isa = PBXFileReference; lastKnownFileType = sourcecode.swift; path = Movie.swift; sourceTree = "<group>"; };
		B30E5CE222A5A8D200A09DBC /* Item.swift */ = {isa = PBXFileReference; lastKnownFileType = sourcecode.swift; path = Item.swift; sourceTree = "<group>"; };
		B30E5CE622A5A8DD00A09DBC /* TvShow.swift */ = {isa = PBXFileReference; lastKnownFileType = sourcecode.swift; path = TvShow.swift; sourceTree = "<group>"; };
		B30E5CEA22A5A9FC00A09DBC /* DataProvider.swift */ = {isa = PBXFileReference; lastKnownFileType = sourcecode.swift; path = DataProvider.swift; sourceTree = "<group>"; };
		B30E5CEE22A5AB3A00A09DBC /* Page.swift */ = {isa = PBXFileReference; lastKnownFileType = sourcecode.swift; path = Page.swift; sourceTree = "<group>"; };
		B30E5CF422A8399F00A09DBC /* SearchViewController.swift */ = {isa = PBXFileReference; lastKnownFileType = sourcecode.swift; path = SearchViewController.swift; sourceTree = "<group>"; };
		B30E5D0022A83C4200A09DBC /* SectionsSelectorView.swift */ = {isa = PBXFileReference; lastKnownFileType = sourcecode.swift; path = SectionsSelectorView.swift; sourceTree = "<group>"; };
		B30E5D0422A83C5700A09DBC /* SectionsSelectorView.xib */ = {isa = PBXFileReference; lastKnownFileType = file.xib; path = SectionsSelectorView.xib; sourceTree = "<group>"; };
		B30E5D0822A84AF900A09DBC /* CategoryType.swift */ = {isa = PBXFileReference; lastKnownFileType = sourcecode.swift; path = CategoryType.swift; sourceTree = "<group>"; };
		B30E5D0F22A858EA00A09DBC /* ItemCollectionViewCell.swift */ = {isa = PBXFileReference; lastKnownFileType = sourcecode.swift; path = ItemCollectionViewCell.swift; sourceTree = "<group>"; };
		B3BDC3CD22A8675E00E0DF05 /* Configuration.swift */ = {isa = PBXFileReference; lastKnownFileType = sourcecode.swift; path = Configuration.swift; sourceTree = "<group>"; };
		B3BDC3D122A9619E00E0DF05 /* DetailViewController.swift */ = {isa = PBXFileReference; lastKnownFileType = sourcecode.swift; path = DetailViewController.swift; sourceTree = "<group>"; };
		B3BDC3DA22AAA24900E0DF05 /* JSONStore.swift */ = {isa = PBXFileReference; lastKnownFileType = sourcecode.swift; path = JSONStore.swift; sourceTree = "<group>"; };
		B3BDC3DE22AAABA400E0DF05 /* MoviesPage.swift */ = {isa = PBXFileReference; lastKnownFileType = sourcecode.swift; path = MoviesPage.swift; sourceTree = "<group>"; };
		B3BDC3E222AAABBF00E0DF05 /* TvShowsPage.swift */ = {isa = PBXFileReference; lastKnownFileType = sourcecode.swift; path = TvShowsPage.swift; sourceTree = "<group>"; };
		B3BDC3E622AAB33700E0DF05 /* StorageType.swift */ = {isa = PBXFileReference; lastKnownFileType = sourcecode.swift; path = StorageType.swift; sourceTree = "<group>"; };
		B3BDC3EA22AAB40200E0DF05 /* StorageManager.swift */ = {isa = PBXFileReference; lastKnownFileType = sourcecode.swift; path = StorageManager.swift; sourceTree = "<group>"; };
		B3BDC3EE22AABD2A00E0DF05 /* ImageCacheHandler.swift */ = {isa = PBXFileReference; lastKnownFileType = sourcecode.swift; path = ImageCacheHandler.swift; sourceTree = "<group>"; };
		B3BDC3F222ABF54E00E0DF05 /* DataTaskFactory.swift */ = {isa = PBXFileReference; lastKnownFileType = sourcecode.swift; path = DataTaskFactory.swift; sourceTree = "<group>"; };
		B3BDC3F622ABF55A00E0DF05 /* URLBuilder.swift */ = {isa = PBXFileReference; lastKnownFileType = sourcecode.swift; path = URLBuilder.swift; sourceTree = "<group>"; };
		B3BDC3FA22AE9CD200E0DF05 /* ItemType.swift */ = {isa = PBXFileReference; lastKnownFileType = sourcecode.swift; path = ItemType.swift; sourceTree = "<group>"; };
		B3BDC3FE22AEAB7B00E0DF05 /* UIAlertController+Helpers.swift */ = {isa = PBXFileReference; lastKnownFileType = sourcecode.swift; path = "UIAlertController+Helpers.swift"; sourceTree = "<group>"; };
		B3BDC41022AEE78F00E0DF05 /* tvShowsPopular.json */ = {isa = PBXFileReference; fileEncoding = 4; lastKnownFileType = text.json; path = tvShowsPopular.json; sourceTree = "<group>"; };
		B3BDC41122AEE78F00E0DF05 /* moviesPopular.json */ = {isa = PBXFileReference; fileEncoding = 4; lastKnownFileType = text.json; path = moviesPopular.json; sourceTree = "<group>"; };
		B3BDC41622AEEF0300E0DF05 /* JSONStoreTest.swift */ = {isa = PBXFileReference; lastKnownFileType = sourcecode.swift; name = JSONStoreTest.swift; path = MovieGalleryTests/JSONStoreTest.swift; sourceTree = SOURCE_ROOT; };
		B3BDC41822AFEA3500E0DF05 /* ItemsFilterTest.swift */ = {isa = PBXFileReference; lastKnownFileType = sourcecode.swift; path = ItemsFilterTest.swift; sourceTree = "<group>"; };
		B3BDC41A22AFEB1B00E0DF05 /* ItemsFilter.swift */ = {isa = PBXFileReference; lastKnownFileType = sourcecode.swift; path = ItemsFilter.swift; sourceTree = "<group>"; };
/* End PBXFileReference section */

/* Begin PBXFrameworksBuildPhase section */
		B30E5CA622A5A55900A09DBC /* Frameworks */ = {
			isa = PBXFrameworksBuildPhase;
			buildActionMask = 2147483647;
			files = (
			);
			runOnlyForDeploymentPostprocessing = 0;
		};
		B30E5CBA22A5A55D00A09DBC /* Frameworks */ = {
			isa = PBXFrameworksBuildPhase;
			buildActionMask = 2147483647;
			files = (
			);
			runOnlyForDeploymentPostprocessing = 0;
		};
/* End PBXFrameworksBuildPhase section */

/* Begin PBXGroup section */
		B30E5CA022A5A55900A09DBC = {
			isa = PBXGroup;
			children = (
				B30E5CAB22A5A55900A09DBC /* MovieGallery */,
				B30E5CC022A5A55D00A09DBC /* MovieGalleryTests */,
				B30E5CAA22A5A55900A09DBC /* Products */,
			);
			sourceTree = "<group>";
		};
		B30E5CAA22A5A55900A09DBC /* Products */ = {
			isa = PBXGroup;
			children = (
				B30E5CA922A5A55900A09DBC /* MovieGallery.app */,
				B30E5CBD22A5A55D00A09DBC /* MovieGalleryTests.xctest */,
			);
			name = Products;
			sourceTree = "<group>";
		};
		B30E5CAB22A5A55900A09DBC /* MovieGallery */ = {
			isa = PBXGroup;
			children = (
				B30E5CB822A5A55D00A09DBC /* Info.plist */,
				B30E5CAC22A5A55900A09DBC /* AppDelegate.swift */,
				B30E5CB322A5A55D00A09DBC /* Assets.xcassets */,
				B30E5CB522A5A55D00A09DBC /* LaunchScreen.storyboard */,
				B30E5CB022A5A55900A09DBC /* Main.storyboard */,
				B30E5CDC22A5A78E00A09DBC /* Controllers */,
				B30E5CDA22A5A77900A09DBC /* Models */,
				B30E5CDD22A5A79400A09DBC /* Networking */,
				B3BDC40622AEDA7E00E0DF05 /* Storage */,
				B3BDC41D22AFED4600E0DF05 /* Utilities */,
				B30E5CDB22A5A77D00A09DBC /* Views */,
			);
			path = MovieGallery;
			sourceTree = "<group>";
		};
		B30E5CC022A5A55D00A09DBC /* MovieGalleryTests */ = {
			isa = PBXGroup;
			children = (
				B3BDC40D22AEE70500E0DF05 /* JSON files */,
				B30E5CC122A5A55D00A09DBC /* PagesTest.swift */,
				B3BDC41622AEEF0300E0DF05 /* JSONStoreTest.swift */,
				B30E5CC322A5A55D00A09DBC /* Info.plist */,
				B3BDC41822AFEA3500E0DF05 /* ItemsFilterTest.swift */,
			);
			path = MovieGalleryTests;
			sourceTree = "<group>";
		};
		B30E5CDA22A5A77900A09DBC /* Models */ = {
			isa = PBXGroup;
			children = (
				B30E5D0822A84AF900A09DBC /* CategoryType.swift */,
				B3BDC3CD22A8675E00E0DF05 /* Configuration.swift */,
				B30E5CE222A5A8D200A09DBC /* Item.swift */,
				B3BDC3FA22AE9CD200E0DF05 /* ItemType.swift */,
				B30E5CDE22A5A89A00A09DBC /* Movie.swift */,
				B3BDC3DE22AAABA400E0DF05 /* MoviesPage.swift */,
				B30E5CEE22A5AB3A00A09DBC /* Page.swift */,
				B30E5CE622A5A8DD00A09DBC /* TvShow.swift */,
				B3BDC3E222AAABBF00E0DF05 /* TvShowsPage.swift */,
			);
			path = Models;
			sourceTree = "<group>";
		};
		B30E5CDB22A5A77D00A09DBC /* Views */ = {
			isa = PBXGroup;
			children = (
				B30E5D0F22A858EA00A09DBC /* ItemCollectionViewCell.swift */,
				B30E5D0022A83C4200A09DBC /* SectionsSelectorView.swift */,
				B30E5D0422A83C5700A09DBC /* SectionsSelectorView.xib */,
			);
			path = Views;
			sourceTree = "<group>";
		};
		B30E5CDC22A5A78E00A09DBC /* Controllers */ = {
			isa = PBXGroup;
			children = (
				B3BDC3D122A9619E00E0DF05 /* DetailViewController.swift */,
				B30E5CAE22A5A55900A09DBC /* HomeViewController.swift */,
				B30E5CF422A8399F00A09DBC /* SearchViewController.swift */,
			);
			path = Controllers;
			sourceTree = "<group>";
		};
		B30E5CDD22A5A79400A09DBC /* Networking */ = {
			isa = PBXGroup;
			children = (
				B30E5CEA22A5A9FC00A09DBC /* DataProvider.swift */,
				B3BDC3F222ABF54E00E0DF05 /* DataTaskFactory.swift */,
				B3BDC3F622ABF55A00E0DF05 /* URLBuilder.swift */,
			);
			path = Networking;
			sourceTree = "<group>";
		};
		B3BDC40622AEDA7E00E0DF05 /* Storage */ = {
			isa = PBXGroup;
			children = (
				B3BDC3DA22AAA24900E0DF05 /* JSONStore.swift */,
				B3BDC3EA22AAB40200E0DF05 /* StorageManager.swift */,
				B3BDC3E622AAB33700E0DF05 /* StorageType.swift */,
				B3BDC3EE22AABD2A00E0DF05 /* ImageCacheHandler.swift */,
			);
			path = Storage;
			sourceTree = "<group>";
		};
		B3BDC40D22AEE70500E0DF05 /* JSON files */ = {
			isa = PBXGroup;
			children = (
				B3BDC41122AEE78F00E0DF05 /* moviesPopular.json */,
				B3BDC41022AEE78F00E0DF05 /* tvShowsPopular.json */,
			);
			path = "JSON files";
			sourceTree = "<group>";
		};
		B3BDC41D22AFED4600E0DF05 /* Utilities */ = {
			isa = PBXGroup;
			children = (
				B3BDC41A22AFEB1B00E0DF05 /* ItemsFilter.swift */,
				B3BDC3FE22AEAB7B00E0DF05 /* UIAlertController+Helpers.swift */,
				B304F98B22B04C3D0057FC4D /* UIViewController+Helpers.swift */,
			);
			path = Utilities;
			sourceTree = "<group>";
		};
/* End PBXGroup section */

/* Begin PBXNativeTarget section */
		B30E5CA822A5A55900A09DBC /* MovieGallery */ = {
			isa = PBXNativeTarget;
			buildConfigurationList = B30E5CD122A5A55D00A09DBC /* Build configuration list for PBXNativeTarget "MovieGallery" */;
			buildPhases = (
				B30E5CA522A5A55900A09DBC /* Sources */,
				B30E5CA622A5A55900A09DBC /* Frameworks */,
				B30E5CA722A5A55900A09DBC /* Resources */,
			);
			buildRules = (
			);
			dependencies = (
			);
			name = MovieGallery;
			productName = MovieGallery;
			productReference = B30E5CA922A5A55900A09DBC /* MovieGallery.app */;
			productType = "com.apple.product-type.application";
		};
		B30E5CBC22A5A55D00A09DBC /* MovieGalleryTests */ = {
			isa = PBXNativeTarget;
			buildConfigurationList = B30E5CD422A5A55D00A09DBC /* Build configuration list for PBXNativeTarget "MovieGalleryTests" */;
			buildPhases = (
				B30E5CB922A5A55D00A09DBC /* Sources */,
				B30E5CBA22A5A55D00A09DBC /* Frameworks */,
				B30E5CBB22A5A55D00A09DBC /* Resources */,
			);
			buildRules = (
			);
			dependencies = (
				B30E5CBF22A5A55D00A09DBC /* PBXTargetDependency */,
			);
			name = MovieGalleryTests;
			productName = MovieGalleryTests;
			productReference = B30E5CBD22A5A55D00A09DBC /* MovieGalleryTests.xctest */;
			productType = "com.apple.product-type.bundle.unit-test";
		};
/* End PBXNativeTarget section */

/* Begin PBXProject section */
		B30E5CA122A5A55900A09DBC /* Project object */ = {
			isa = PBXProject;
			attributes = {
				LastSwiftUpdateCheck = 1010;
				LastUpgradeCheck = 1010;
				ORGANIZATIONNAME = "Leonardo Zimmerman";
				TargetAttributes = {
					B30E5CA822A5A55900A09DBC = {
						CreatedOnToolsVersion = 10.1;
						LastSwiftMigration = 1020;
					};
					B30E5CBC22A5A55D00A09DBC = {
						CreatedOnToolsVersion = 10.1;
						LastSwiftMigration = 1020;
						TestTargetID = B30E5CA822A5A55900A09DBC;
					};
				};
			};
			buildConfigurationList = B30E5CA422A5A55900A09DBC /* Build configuration list for PBXProject "MovieGallery" */;
			compatibilityVersion = "Xcode 9.3";
			developmentRegion = en;
			hasScannedForEncodings = 0;
			knownRegions = (
				en,
				Base,
			);
			mainGroup = B30E5CA022A5A55900A09DBC;
			productRefGroup = B30E5CAA22A5A55900A09DBC /* Products */;
			projectDirPath = "";
			projectRoot = "";
			targets = (
				B30E5CA822A5A55900A09DBC /* MovieGallery */,
				B30E5CBC22A5A55D00A09DBC /* MovieGalleryTests */,
			);
		};
/* End PBXProject section */

/* Begin PBXResourcesBuildPhase section */
		B30E5CA722A5A55900A09DBC /* Resources */ = {
			isa = PBXResourcesBuildPhase;
			buildActionMask = 2147483647;
			files = (
				B30E5CB722A5A55D00A09DBC /* LaunchScreen.storyboard in Resources */,
				B30E5D0522A83C5700A09DBC /* SectionsSelectorView.xib in Resources */,
				B30E5CB422A5A55D00A09DBC /* Assets.xcassets in Resources */,
				B30E5CB222A5A55900A09DBC /* Main.storyboard in Resources */,
			);
			runOnlyForDeploymentPostprocessing = 0;
		};
		B30E5CBB22A5A55D00A09DBC /* Resources */ = {
			isa = PBXResourcesBuildPhase;
			buildActionMask = 2147483647;
			files = (
				B3BDC41222AEE78F00E0DF05 /* tvShowsPopular.json in Resources */,
				B30E5D0622A83C5700A09DBC /* SectionsSelectorView.xib in Resources */,
				B3BDC41322AEE78F00E0DF05 /* moviesPopular.json in Resources */,
			);
			runOnlyForDeploymentPostprocessing = 0;
		};
/* End PBXResourcesBuildPhase section */

/* Begin PBXSourcesBuildPhase section */
		B30E5CA522A5A55900A09DBC /* Sources */ = {
			isa = PBXSourcesBuildPhase;
			buildActionMask = 2147483647;
			files = (
				B30E5CEB22A5A9FC00A09DBC /* DataProvider.swift in Sources */,
				B30E5D1022A858EA00A09DBC /* ItemCollectionViewCell.swift in Sources */,
				B3BDC3F722ABF55A00E0DF05 /* URLBuilder.swift in Sources */,
				B30E5D0122A83C4200A09DBC /* SectionsSelectorView.swift in Sources */,
				B3BDC41B22AFEB1B00E0DF05 /* ItemsFilter.swift in Sources */,
				B30E5CE322A5A8D200A09DBC /* Item.swift in Sources */,
				B30E5CF522A8399F00A09DBC /* SearchViewController.swift in Sources */,
				B30E5CAF22A5A55900A09DBC /* HomeViewController.swift in Sources */,
				B3BDC3CE22A8675E00E0DF05 /* Configuration.swift in Sources */,
				B30E5CE722A5A8DD00A09DBC /* TvShow.swift in Sources */,
				B3BDC3FF22AEAB7B00E0DF05 /* UIAlertController+Helpers.swift in Sources */,
				B3BDC3EB22AAB40200E0DF05 /* StorageManager.swift in Sources */,
				B3BDC3E722AAB33700E0DF05 /* StorageType.swift in Sources */,
				B304F98C22B04C3D0057FC4D /* UIViewController+Helpers.swift in Sources */,
				B3BDC3E322AAABBF00E0DF05 /* TvShowsPage.swift in Sources */,
				B3BDC3F322ABF54E00E0DF05 /* DataTaskFactory.swift in Sources */,
				B30E5CDF22A5A89A00A09DBC /* Movie.swift in Sources */,
				B30E5CAD22A5A55900A09DBC /* AppDelegate.swift in Sources */,
				B3BDC3DF22AAABA400E0DF05 /* MoviesPage.swift in Sources */,
				B3BDC3D222A9619E00E0DF05 /* DetailViewController.swift in Sources */,
				B3BDC3FB22AE9CD200E0DF05 /* ItemType.swift in Sources */,
				B30E5D0C22A84D1000A09DBC /* CategoryType.swift in Sources */,
				B30E5CEF22A5AB3A00A09DBC /* Page.swift in Sources */,
				B3BDC3DB22AAA24900E0DF05 /* JSONStore.swift in Sources */,
				B3BDC3EF22AABD2A00E0DF05 /* ImageCacheHandler.swift in Sources */,
			);
			runOnlyForDeploymentPostprocessing = 0;
		};
		B30E5CB922A5A55D00A09DBC /* Sources */ = {
			isa = PBXSourcesBuildPhase;
			buildActionMask = 2147483647;
			files = (
				B3BDC3EC22AAB40200E0DF05 /* StorageManager.swift in Sources */,
				B30E5D1122A858EA00A09DBC /* ItemCollectionViewCell.swift in Sources */,
				B30E5D0D22A84D1100A09DBC /* CategoryType.swift in Sources */,
				B3BDC3E422AAABBF00E0DF05 /* TvShowsPage.swift in Sources */,
				B3BDC3E822AAB33700E0DF05 /* StorageType.swift in Sources */,
				B3BDC3F822ABF55A00E0DF05 /* URLBuilder.swift in Sources */,
				B30E5CC222A5A55D00A09DBC /* PagesTest.swift in Sources */,
				B3BDC41C22AFEB1B00E0DF05 /* ItemsFilter.swift in Sources */,
				B3BDC41922AFEA3500E0DF05 /* ItemsFilterTest.swift in Sources */,
				B3BDC3CB22A8658500E0DF05 /* TvShow.swift in Sources */,
				B30E5D0222A83C4200A09DBC /* SectionsSelectorView.swift in Sources */,
				B304F98D22B04C3D0057FC4D /* UIViewController+Helpers.swift in Sources */,
				B30E5D1522A85AFD00A09DBC /* Page.swift in Sources */,
				B3BDC40722AEE03700E0DF05 /* ImageCacheHandler.swift in Sources */,
				B3BDC3E022AAABA400E0DF05 /* MoviesPage.swift in Sources */,
				B3BDC41722AEEF0300E0DF05 /* JSONStoreTest.swift in Sources */,
				B3BDC40022AEAB7B00E0DF05 /* UIAlertController+Helpers.swift in Sources */,
				B3BDC3CF22A8675E00E0DF05 /* Configuration.swift in Sources */,
				B3BDC3F422ABF54E00E0DF05 /* DataTaskFactory.swift in Sources */,
				B3BDC3FC22AE9CD200E0DF05 /* ItemType.swift in Sources */,
				B30E5D1322A85AFB00A09DBC /* Item.swift in Sources */,
				B30E5D1722A85AFF00A09DBC /* Movie.swift in Sources */,
				B3BDC3D322A9619E00E0DF05 /* DetailViewController.swift in Sources */,
				B30E5CEC22A5A9FC00A09DBC /* DataProvider.swift in Sources */,
				B3BDC3DC22AAA24900E0DF05 /* JSONStore.swift in Sources */,
			);
			runOnlyForDeploymentPostprocessing = 0;
		};
/* End PBXSourcesBuildPhase section */

/* Begin PBXTargetDependency section */
		B30E5CBF22A5A55D00A09DBC /* PBXTargetDependency */ = {
			isa = PBXTargetDependency;
			target = B30E5CA822A5A55900A09DBC /* MovieGallery */;
			targetProxy = B30E5CBE22A5A55D00A09DBC /* PBXContainerItemProxy */;
		};
/* End PBXTargetDependency section */

/* Begin PBXVariantGroup section */
		B30E5CB022A5A55900A09DBC /* Main.storyboard */ = {
			isa = PBXVariantGroup;
			children = (
				B30E5CB122A5A55900A09DBC /* Base */,
			);
			name = Main.storyboard;
			sourceTree = "<group>";
		};
		B30E5CB522A5A55D00A09DBC /* LaunchScreen.storyboard */ = {
			isa = PBXVariantGroup;
			children = (
				B30E5CB622A5A55D00A09DBC /* Base */,
			);
			name = LaunchScreen.storyboard;
			sourceTree = "<group>";
		};
/* End PBXVariantGroup section */

/* Begin XCBuildConfiguration section */
		B30E5CCF22A5A55D00A09DBC /* Debug */ = {
			isa = XCBuildConfiguration;
			buildSettings = {
				ALWAYS_SEARCH_USER_PATHS = NO;
				CLANG_ANALYZER_NONNULL = YES;
				CLANG_ANALYZER_NUMBER_OBJECT_CONVERSION = YES_AGGRESSIVE;
				CLANG_CXX_LANGUAGE_STANDARD = "gnu++14";
				CLANG_CXX_LIBRARY = "libc++";
				CLANG_ENABLE_MODULES = YES;
				CLANG_ENABLE_OBJC_ARC = YES;
				CLANG_ENABLE_OBJC_WEAK = YES;
				CLANG_WARN_BLOCK_CAPTURE_AUTORELEASING = YES;
				CLANG_WARN_BOOL_CONVERSION = YES;
				CLANG_WARN_COMMA = YES;
				CLANG_WARN_CONSTANT_CONVERSION = YES;
				CLANG_WARN_DEPRECATED_OBJC_IMPLEMENTATIONS = YES;
				CLANG_WARN_DIRECT_OBJC_ISA_USAGE = YES_ERROR;
				CLANG_WARN_DOCUMENTATION_COMMENTS = YES;
				CLANG_WARN_EMPTY_BODY = YES;
				CLANG_WARN_ENUM_CONVERSION = YES;
				CLANG_WARN_INFINITE_RECURSION = YES;
				CLANG_WARN_INT_CONVERSION = YES;
				CLANG_WARN_NON_LITERAL_NULL_CONVERSION = YES;
				CLANG_WARN_OBJC_IMPLICIT_RETAIN_SELF = YES;
				CLANG_WARN_OBJC_LITERAL_CONVERSION = YES;
				CLANG_WARN_OBJC_ROOT_CLASS = YES_ERROR;
				CLANG_WARN_RANGE_LOOP_ANALYSIS = YES;
				CLANG_WARN_STRICT_PROTOTYPES = YES;
				CLANG_WARN_SUSPICIOUS_MOVE = YES;
				CLANG_WARN_UNGUARDED_AVAILABILITY = YES_AGGRESSIVE;
				CLANG_WARN_UNREACHABLE_CODE = YES;
				CLANG_WARN__DUPLICATE_METHOD_MATCH = YES;
				CODE_SIGN_IDENTITY = "iPhone Developer";
				COPY_PHASE_STRIP = NO;
				DEBUG_INFORMATION_FORMAT = dwarf;
				ENABLE_STRICT_OBJC_MSGSEND = YES;
				ENABLE_TESTABILITY = YES;
				GCC_C_LANGUAGE_STANDARD = gnu11;
				GCC_DYNAMIC_NO_PIC = NO;
				GCC_NO_COMMON_BLOCKS = YES;
				GCC_OPTIMIZATION_LEVEL = 0;
				GCC_PREPROCESSOR_DEFINITIONS = (
					"DEBUG=1",
					"$(inherited)",
				);
				GCC_WARN_64_TO_32_BIT_CONVERSION = YES;
				GCC_WARN_ABOUT_RETURN_TYPE = YES_ERROR;
				GCC_WARN_UNDECLARED_SELECTOR = YES;
				GCC_WARN_UNINITIALIZED_AUTOS = YES_AGGRESSIVE;
				GCC_WARN_UNUSED_FUNCTION = YES;
				GCC_WARN_UNUSED_VARIABLE = YES;
				IPHONEOS_DEPLOYMENT_TARGET = 12.1;
				MTL_ENABLE_DEBUG_INFO = INCLUDE_SOURCE;
				MTL_FAST_MATH = YES;
				ONLY_ACTIVE_ARCH = YES;
				SDKROOT = iphoneos;
				SWIFT_ACTIVE_COMPILATION_CONDITIONS = DEBUG;
				SWIFT_OPTIMIZATION_LEVEL = "-Onone";
			};
			name = Debug;
		};
		B30E5CD022A5A55D00A09DBC /* Release */ = {
			isa = XCBuildConfiguration;
			buildSettings = {
				ALWAYS_SEARCH_USER_PATHS = NO;
				CLANG_ANALYZER_NONNULL = YES;
				CLANG_ANALYZER_NUMBER_OBJECT_CONVERSION = YES_AGGRESSIVE;
				CLANG_CXX_LANGUAGE_STANDARD = "gnu++14";
				CLANG_CXX_LIBRARY = "libc++";
				CLANG_ENABLE_MODULES = YES;
				CLANG_ENABLE_OBJC_ARC = YES;
				CLANG_ENABLE_OBJC_WEAK = YES;
				CLANG_WARN_BLOCK_CAPTURE_AUTORELEASING = YES;
				CLANG_WARN_BOOL_CONVERSION = YES;
				CLANG_WARN_COMMA = YES;
				CLANG_WARN_CONSTANT_CONVERSION = YES;
				CLANG_WARN_DEPRECATED_OBJC_IMPLEMENTATIONS = YES;
				CLANG_WARN_DIRECT_OBJC_ISA_USAGE = YES_ERROR;
				CLANG_WARN_DOCUMENTATION_COMMENTS = YES;
				CLANG_WARN_EMPTY_BODY = YES;
				CLANG_WARN_ENUM_CONVERSION = YES;
				CLANG_WARN_INFINITE_RECURSION = YES;
				CLANG_WARN_INT_CONVERSION = YES;
				CLANG_WARN_NON_LITERAL_NULL_CONVERSION = YES;
				CLANG_WARN_OBJC_IMPLICIT_RETAIN_SELF = YES;
				CLANG_WARN_OBJC_LITERAL_CONVERSION = YES;
				CLANG_WARN_OBJC_ROOT_CLASS = YES_ERROR;
				CLANG_WARN_RANGE_LOOP_ANALYSIS = YES;
				CLANG_WARN_STRICT_PROTOTYPES = YES;
				CLANG_WARN_SUSPICIOUS_MOVE = YES;
				CLANG_WARN_UNGUARDED_AVAILABILITY = YES_AGGRESSIVE;
				CLANG_WARN_UNREACHABLE_CODE = YES;
				CLANG_WARN__DUPLICATE_METHOD_MATCH = YES;
				CODE_SIGN_IDENTITY = "iPhone Developer";
				COPY_PHASE_STRIP = NO;
				DEBUG_INFORMATION_FORMAT = "dwarf-with-dsym";
				ENABLE_NS_ASSERTIONS = NO;
				ENABLE_STRICT_OBJC_MSGSEND = YES;
				GCC_C_LANGUAGE_STANDARD = gnu11;
				GCC_NO_COMMON_BLOCKS = YES;
				GCC_WARN_64_TO_32_BIT_CONVERSION = YES;
				GCC_WARN_ABOUT_RETURN_TYPE = YES_ERROR;
				GCC_WARN_UNDECLARED_SELECTOR = YES;
				GCC_WARN_UNINITIALIZED_AUTOS = YES_AGGRESSIVE;
				GCC_WARN_UNUSED_FUNCTION = YES;
				GCC_WARN_UNUSED_VARIABLE = YES;
				IPHONEOS_DEPLOYMENT_TARGET = 12.1;
				MTL_ENABLE_DEBUG_INFO = NO;
				MTL_FAST_MATH = YES;
				SDKROOT = iphoneos;
				SWIFT_COMPILATION_MODE = wholemodule;
				SWIFT_OPTIMIZATION_LEVEL = "-O";
				VALIDATE_PRODUCT = YES;
			};
			name = Release;
		};
		B30E5CD222A5A55D00A09DBC /* Debug */ = {
			isa = XCBuildConfiguration;
			buildSettings = {
				ASSETCATALOG_COMPILER_APPICON_NAME = AppIcon;
				CODE_SIGN_STYLE = Automatic;
				DEVELOPMENT_TEAM = A44F24785W;
				INFOPLIST_FILE = MovieGallery/Info.plist;
				LD_RUNPATH_SEARCH_PATHS = (
					"$(inherited)",
					"@executable_path/Frameworks",
				);
				PRODUCT_BUNDLE_IDENTIFIER = com.leozimmerman.MovieGallery;
				PRODUCT_NAME = "$(TARGET_NAME)";
				SWIFT_VERSION = 5.0;
				TARGETED_DEVICE_FAMILY = "1,2";
			};
			name = Debug;
		};
		B30E5CD322A5A55D00A09DBC /* Release */ = {
			isa = XCBuildConfiguration;
			buildSettings = {
				ASSETCATALOG_COMPILER_APPICON_NAME = AppIcon;
				CODE_SIGN_STYLE = Automatic;
				DEVELOPMENT_TEAM = A44F24785W;
				INFOPLIST_FILE = MovieGallery/Info.plist;
				LD_RUNPATH_SEARCH_PATHS = (
					"$(inherited)",
					"@executable_path/Frameworks",
				);
				PRODUCT_BUNDLE_IDENTIFIER = com.leozimmerman.MovieGallery;
				PRODUCT_NAME = "$(TARGET_NAME)";
				SWIFT_VERSION = 5.0;
				TARGETED_DEVICE_FAMILY = "1,2";
			};
			name = Release;
		};
		B30E5CD522A5A55D00A09DBC /* Debug */ = {
			isa = XCBuildConfiguration;
			buildSettings = {
				ALWAYS_EMBED_SWIFT_STANDARD_LIBRARIES = YES;
				BUNDLE_LOADER = "$(TEST_HOST)";
				CODE_SIGN_STYLE = Automatic;
				DEVELOPMENT_TEAM = A44F24785W;
				INFOPLIST_FILE = MovieGalleryTests/Info.plist;
				LD_RUNPATH_SEARCH_PATHS = (
					"$(inherited)",
					"@executable_path/Frameworks",
					"@loader_path/Frameworks",
				);
				PRODUCT_BUNDLE_IDENTIFIER = com.leozimmerman.MovieGalleryTests;
				PRODUCT_NAME = "$(TARGET_NAME)";
				SWIFT_VERSION = 5.0;
				TARGETED_DEVICE_FAMILY = "1,2";
				TEST_HOST = "$(BUILT_PRODUCTS_DIR)/MovieGallery.app/MovieGallery";
			};
			name = Debug;
		};
		B30E5CD622A5A55D00A09DBC /* Release */ = {
			isa = XCBuildConfiguration;
			buildSettings = {
				ALWAYS_EMBED_SWIFT_STANDARD_LIBRARIES = YES;
				BUNDLE_LOADER = "$(TEST_HOST)";
				CODE_SIGN_STYLE = Automatic;
				DEVELOPMENT_TEAM = A44F24785W;
				INFOPLIST_FILE = MovieGalleryTests/Info.plist;
				LD_RUNPATH_SEARCH_PATHS = (
					"$(inherited)",
					"@executable_path/Frameworks",
					"@loader_path/Frameworks",
				);
				PRODUCT_BUNDLE_IDENTIFIER = com.leozimmerman.MovieGalleryTests;
				PRODUCT_NAME = "$(TARGET_NAME)";
				SWIFT_VERSION = 5.0;
				TARGETED_DEVICE_FAMILY = "1,2";
				TEST_HOST = "$(BUILT_PRODUCTS_DIR)/MovieGallery.app/MovieGallery";
			};
			name = Release;
		};
/* End XCBuildConfiguration section */

/* Begin XCConfigurationList section */
		B30E5CA422A5A55900A09DBC /* Build configuration list for PBXProject "MovieGallery" */ = {
			isa = XCConfigurationList;
			buildConfigurations = (
				B30E5CCF22A5A55D00A09DBC /* Debug */,
				B30E5CD022A5A55D00A09DBC /* Release */,
			);
			defaultConfigurationIsVisible = 0;
			defaultConfigurationName = Release;
		};
		B30E5CD122A5A55D00A09DBC /* Build configuration list for PBXNativeTarget "MovieGallery" */ = {
			isa = XCConfigurationList;
			buildConfigurations = (
				B30E5CD222A5A55D00A09DBC /* Debug */,
				B30E5CD322A5A55D00A09DBC /* Release */,
			);
			defaultConfigurationIsVisible = 0;
			defaultConfigurationName = Release;
		};
		B30E5CD422A5A55D00A09DBC /* Build configuration list for PBXNativeTarget "MovieGalleryTests" */ = {
			isa = XCConfigurationList;
			buildConfigurations = (
				B30E5CD522A5A55D00A09DBC /* Debug */,
				B30E5CD622A5A55D00A09DBC /* Release */,
			);
			defaultConfigurationIsVisible = 0;
			defaultConfigurationName = Release;
		};
/* End XCConfigurationList section */
	};
	rootObject = B30E5CA122A5A55900A09DBC /* Project object */;
}
